
Microsoft Visual Studio Solution File, Format Version 12.00
# Visual Studio Version 17
VisualStudioVersion = 17.7.34003.232
MinimumVisualStudioVersion = 10.0.40219.1
Project("{9A19103F-16F7-4668-BE54-9A1E7A4F7556}") = "servartur", "src\servartur.csproj", "{C0FB3520-0069-42B7-A1CC-F29D1DFBBED4}"
EndProject
Project("{2150E333-8FDC-42A3-9474-1A3956D46DE8}") = "Solution Items", "Solution Items", "{39BE4246-4895-4F23-B425-DB07F63E95EA}"
	ProjectSection(SolutionItems) = preProject
		.editorconfig = .editorconfig
		.gitignore = .gitignore
		LICENSE = LICENSE
		README.md = README.md
	EndProjectSection
EndProject
Project("{9A19103F-16F7-4668-BE54-9A1E7A4F7556}") = "servartur.Tests", "tests\servartur.Tests.csproj", "{55C244B4-3B9A-4945-A8D6-6BB7EF3AE1FB}"
EndProject
Global
	GlobalSection(SolutionConfigurationPlatforms) = preSolution
		Debug|Any CPU = Debug|Any CPU
		Release|Any CPU = Release|Any CPU
	EndGlobalSection
	GlobalSection(ProjectConfigurationPlatforms) = postSolution
		{C0FB3520-0069-42B7-A1CC-F29D1DFBBED4}.Debug|Any CPU.ActiveCfg = Debug|Any CPU
		{C0FB3520-0069-42B7-A1CC-F29D1DFBBED4}.Debug|Any CPU.Build.0 = Debug|Any CPU
		{C0FB3520-0069-42B7-A1CC-F29D1DFBBED4}.Release|Any CPU.ActiveCfg = Release|Any CPU
		{C0FB3520-0069-42B7-A1CC-F29D1DFBBED4}.Release|Any CPU.Build.0 = Release|Any CPU
		{55C244B4-3B9A-4945-A8D6-6BB7EF3AE1FB}.Debug|Any CPU.ActiveCfg = Debug|Any CPU
		{55C244B4-3B9A-4945-A8D6-6BB7EF3AE1FB}.Debug|Any CPU.Build.0 = Debug|Any CPU
		{55C244B4-3B9A-4945-A8D6-6BB7EF3AE1FB}.Release|Any CPU.ActiveCfg = Release|Any CPU
		{55C244B4-3B9A-4945-A8D6-6BB7EF3AE1FB}.Release|Any CPU.Build.0 = Release|Any CPU
	EndGlobalSection
	GlobalSection(SolutionProperties) = preSolution
		HideSolutionNode = FALSE
	EndGlobalSection
	GlobalSection(ExtensibilityGlobals) = postSolution
		SolutionGuid = {9E29C911-7B85-4BEA-A179-715367B31074}
	EndGlobalSection
EndGlobal
